
Microsoft Visual Studio Solution File, Format Version 12.00
# Visual Studio Version 17
VisualStudioVersion = 17.14.36109.1 d17.14
MinimumVisualStudioVersion = 10.0.40219.1
Project("{FAE04EC0-301F-11D3-BF4B-00C04F79EFBC}") = "OOPConcepts", "OOPConcepts\OOPConcepts.csproj", "{05CFF491-BDEB-40A6-BFB1-80A46234FB39}"
EndProject
Global
	GlobalSection(SolutionConfigurationPlatforms) = preSolution
		Debug|Any CPU = Debug|Any CPU
		Release|Any CPU = Release|Any CPU
	EndGlobalSection
	GlobalSection(ProjectConfigurationPlatforms) = postSolution
		{05CFF491-BDEB-40A6-BFB1-80A46234FB39}.Debug|Any CPU.ActiveCfg = Debug|Any CPU
		{05CFF491-BDEB-40A6-BFB1-80A46234FB39}.Debug|Any CPU.Build.0 = Debug|Any CPU
		{05CFF491-BDEB-40A6-BFB1-80A46234FB39}.Release|Any CPU.ActiveCfg = Release|Any CPU
		{05CFF491-BDEB-40A6-BFB1-80A46234FB39}.Release|Any CPU.Build.0 = Release|Any CPU
	EndGlobalSection
	GlobalSection(SolutionProperties) = preSolution
		HideSolutionNode = FALSE
	EndGlobalSection
	GlobalSection(ExtensibilityGlobals) = postSolution
		SolutionGuid = {FDB19F78-61A9-4DB3-9C9F-61807D31BC1D}
	EndGlobalSection
EndGlobal
